// !$*UTF8*$!
{
	archiveVersion = 1;
	classes = {
	};
	objectVersion = 56;
	objects = {

/* Begin PBXBuildFile section */
		56312C9E28A94FBF0038DD47 /* King.obj in Resources */ = {isa = PBXBuildFile; fileRef = 56312C9C28A94FBF0038DD47 /* King.obj */; };
		56312CA028A950090038DD47 /* Knight.obj in Resources */ = {isa = PBXBuildFile; fileRef = 56312C9F28A950090038DD47 /* Knight.obj */; };
		56312CA228A950220038DD47 /* Pawn.obj in Resources */ = {isa = PBXBuildFile; fileRef = 56312CA128A950220038DD47 /* Pawn.obj */; };
		56312CA428A9504D0038DD47 /* Queen.obj in Resources */ = {isa = PBXBuildFile; fileRef = 56312CA328A9504D0038DD47 /* Queen.obj */; };
		56312CA628A950600038DD47 /* Rook.obj in Resources */ = {isa = PBXBuildFile; fileRef = 56312CA528A950600038DD47 /* Rook.obj */; };
		56312CA828A950C50038DD47 /* Board.obj in Resources */ = {isa = PBXBuildFile; fileRef = 56312CA728A950C50038DD47 /* Board.obj */; };
		56312CAA28A950DF0038DD47 /* Textures.xcassets in Resources */ = {isa = PBXBuildFile; fileRef = 56312CA928A950DF0038DD47 /* Textures.xcassets */; };
		5634348C28A94BF300C2DA95 /* Bishop.obj in Resources */ = {isa = PBXBuildFile; fileRef = 5634348B28A94BF300C2DA95 /* Bishop.obj */; };
		564852FF28C7E3F200BA4CC0 /* Engine.framework in Frameworks */ = {isa = PBXBuildFile; fileRef = 564852FC28C7E3E200BA4CC0 /* Engine.framework */; };
		5648530028C7E3F200BA4CC0 /* Engine.framework in Embed Frameworks */ = {isa = PBXBuildFile; fileRef = 564852FC28C7E3E200BA4CC0 /* Engine.framework */; settings = {ATTRIBUTES = (CodeSignOnCopy, RemoveHeadersOnCopy, ); }; };
		5648530428C7E65300BA4CC0 /* SceneBuilder.swift in Sources */ = {isa = PBXBuildFile; fileRef = 5648530328C7E65300BA4CC0 /* SceneBuilder.swift */; };
		5648530B28C7F64800BA4CC0 /* ResourceLoader.swift in Sources */ = {isa = PBXBuildFile; fileRef = 5648530A28C7F64800BA4CC0 /* ResourceLoader.swift */; };
		5648530D28C90A6D00BA4CC0 /* SceneManipulator.swift in Sources */ = {isa = PBXBuildFile; fileRef = 5648530C28C90A6D00BA4CC0 /* SceneManipulator.swift */; };
		5648530F28C90B2600BA4CC0 /* PieceType.swift in Sources */ = {isa = PBXBuildFile; fileRef = 5648530E28C90B2600BA4CC0 /* PieceType.swift */; };
		5648531128C90B5C00BA4CC0 /* PieceColor.swift in Sources */ = {isa = PBXBuildFile; fileRef = 5648531028C90B5C00BA4CC0 /* PieceColor.swift */; };
		5648531328C90B7B00BA4CC0 /* Board.swift in Sources */ = {isa = PBXBuildFile; fileRef = 5648531228C90B7B00BA4CC0 /* Board.swift */; };
		5648531528C90B9100BA4CC0 /* Piece.swift in Sources */ = {isa = PBXBuildFile; fileRef = 5648531428C90B9100BA4CC0 /* Piece.swift */; };
		5648531728C90D7F00BA4CC0 /* Move.swift in Sources */ = {isa = PBXBuildFile; fileRef = 5648531628C90D7F00BA4CC0 /* Move.swift */; };
		567A568528CB68BF008DDE40 /* CameraController.swift in Sources */ = {isa = PBXBuildFile; fileRef = 567A568428CB68BF008DDE40 /* CameraController.swift */; };
		567A568828CBA420008DDE40 /* MouseInteractionHandler.swift in Sources */ = {isa = PBXBuildFile; fileRef = 567A568728CBA420008DDE40 /* MouseInteractionHandler.swift */; };
		5685903628A9695000785F1A /* Cube.obj in Resources */ = {isa = PBXBuildFile; fileRef = 5685903428A9695000785F1A /* Cube.obj */; };
		569699C028CE42E800469E6B /* Game.swift in Sources */ = {isa = PBXBuildFile; fileRef = 569699BF28CE42E800469E6B /* Game.swift */; };
		569699CA28CE4DD300469E6B /* Field.swift in Sources */ = {isa = PBXBuildFile; fileRef = 569699C928CE4DD300469E6B /* Field.swift */; };
		56BB94AC28A94A750034D4AB /* AppDelegate.swift in Sources */ = {isa = PBXBuildFile; fileRef = 56BB94AB28A94A750034D4AB /* AppDelegate.swift */; };
		56BB94AE28A94A750034D4AB /* ViewController.swift in Sources */ = {isa = PBXBuildFile; fileRef = 56BB94AD28A94A750034D4AB /* ViewController.swift */; };
		56BB94B028A94A770034D4AB /* Assets.xcassets in Resources */ = {isa = PBXBuildFile; fileRef = 56BB94AF28A94A770034D4AB /* Assets.xcassets */; };
		56BB94B328A94A770034D4AB /* Main.storyboard in Resources */ = {isa = PBXBuildFile; fileRef = 56BB94B128A94A770034D4AB /* Main.storyboard */; };
		56C3174328CFE95900C04F3C /* XCTest.framework in Frameworks */ = {isa = PBXBuildFile; fileRef = 56C3174128CFE95900C04F3C /* XCTest.framework */; };
		56DA449E28CFE7AC009FE23C /* Field+Tests.swift in Sources */ = {isa = PBXBuildFile; fileRef = 56DA449D28CFE7AC009FE23C /* Field+Tests.swift */; };
/* End PBXBuildFile section */

/* Begin PBXContainerItemProxy section */
		564852FB28C7E3E200BA4CC0 /* PBXContainerItemProxy */ = {
			isa = PBXContainerItemProxy;
			containerPortal = 564852F628C7E3E200BA4CC0 /* Engine.xcodeproj */;
			proxyType = 2;
			remoteGlobalIDString = 5601396C255457D100FC1C45;
			remoteInfo = Engine;
		};
		564852FD28C7E3E200BA4CC0 /* PBXContainerItemProxy */ = {
			isa = PBXContainerItemProxy;
			containerPortal = 564852F628C7E3E200BA4CC0 /* Engine.xcodeproj */;
			proxyType = 2;
			remoteGlobalIDString = 56924AD4271A07FD00FF3E06;
			remoteInfo = EngineTests;
		};
		5648530128C7E3F800BA4CC0 /* PBXContainerItemProxy */ = {
			isa = PBXContainerItemProxy;
			containerPortal = 564852F628C7E3E200BA4CC0 /* Engine.xcodeproj */;
			proxyType = 1;
			remoteGlobalIDString = 5601396B255457D100FC1C45;
			remoteInfo = Engine;
		};
		56DA449F28CFE7AC009FE23C /* PBXContainerItemProxy */ = {
			isa = PBXContainerItemProxy;
			containerPortal = 56BB94A028A94A750034D4AB /* Project object */;
			proxyType = 1;
			remoteGlobalIDString = 56BB94A728A94A750034D4AB;
			remoteInfo = Chess;
		};
/* End PBXContainerItemProxy section */

/* Begin PBXCopyFilesBuildPhase section */
		5634349028A94C7700C2DA95 /* Embed Frameworks */ = {
			isa = PBXCopyFilesBuildPhase;
			buildActionMask = 2147483647;
			dstPath = "";
			dstSubfolderSpec = 10;
			files = (
				5648530028C7E3F200BA4CC0 /* Engine.framework in Embed Frameworks */,
			);
			name = "Embed Frameworks";
			runOnlyForDeploymentPostprocessing = 0;
		};
/* End PBXCopyFilesBuildPhase section */

/* Begin PBXFileReference section */
		56312C9C28A94FBF0038DD47 /* King.obj */ = {isa = PBXFileReference; fileEncoding = 4; lastKnownFileType = text; path = King.obj; sourceTree = "<group>"; };
		56312C9F28A950090038DD47 /* Knight.obj */ = {isa = PBXFileReference; fileEncoding = 4; lastKnownFileType = text; path = Knight.obj; sourceTree = "<group>"; };
		56312CA128A950220038DD47 /* Pawn.obj */ = {isa = PBXFileReference; fileEncoding = 4; lastKnownFileType = text; path = Pawn.obj; sourceTree = "<group>"; };
		56312CA328A9504D0038DD47 /* Queen.obj */ = {isa = PBXFileReference; fileEncoding = 4; lastKnownFileType = text; path = Queen.obj; sourceTree = "<group>"; };
		56312CA528A950600038DD47 /* Rook.obj */ = {isa = PBXFileReference; fileEncoding = 4; lastKnownFileType = text; path = Rook.obj; sourceTree = "<group>"; };
		56312CA728A950C50038DD47 /* Board.obj */ = {isa = PBXFileReference; fileEncoding = 4; lastKnownFileType = text; path = Board.obj; sourceTree = "<group>"; };
		56312CA928A950DF0038DD47 /* Textures.xcassets */ = {isa = PBXFileReference; lastKnownFileType = folder.assetcatalog; path = Textures.xcassets; sourceTree = "<group>"; };
		5634348B28A94BF300C2DA95 /* Bishop.obj */ = {isa = PBXFileReference; fileEncoding = 4; lastKnownFileType = text; path = Bishop.obj; sourceTree = "<group>"; };
		564852F628C7E3E200BA4CC0 /* Engine.xcodeproj */ = {isa = PBXFileReference; lastKnownFileType = "wrapper.pb-project"; name = Engine.xcodeproj; path = Library/Engine.xcodeproj; sourceTree = "<group>"; };
		5648530328C7E65300BA4CC0 /* SceneBuilder.swift */ = {isa = PBXFileReference; lastKnownFileType = sourcecode.swift; path = SceneBuilder.swift; sourceTree = "<group>"; };
		5648530A28C7F64800BA4CC0 /* ResourceLoader.swift */ = {isa = PBXFileReference; lastKnownFileType = sourcecode.swift; path = ResourceLoader.swift; sourceTree = "<group>"; };
		5648530C28C90A6D00BA4CC0 /* SceneManipulator.swift */ = {isa = PBXFileReference; lastKnownFileType = sourcecode.swift; path = SceneManipulator.swift; sourceTree = "<group>"; };
		5648530E28C90B2600BA4CC0 /* PieceType.swift */ = {isa = PBXFileReference; lastKnownFileType = sourcecode.swift; path = PieceType.swift; sourceTree = "<group>"; };
		5648531028C90B5C00BA4CC0 /* PieceColor.swift */ = {isa = PBXFileReference; lastKnownFileType = sourcecode.swift; path = PieceColor.swift; sourceTree = "<group>"; };
		5648531228C90B7B00BA4CC0 /* Board.swift */ = {isa = PBXFileReference; lastKnownFileType = sourcecode.swift; path = Board.swift; sourceTree = "<group>"; };
		5648531428C90B9100BA4CC0 /* Piece.swift */ = {isa = PBXFileReference; lastKnownFileType = sourcecode.swift; path = Piece.swift; sourceTree = "<group>"; };
		5648531628C90D7F00BA4CC0 /* Move.swift */ = {isa = PBXFileReference; lastKnownFileType = sourcecode.swift; path = Move.swift; sourceTree = "<group>"; };
		567A568428CB68BF008DDE40 /* CameraController.swift */ = {isa = PBXFileReference; lastKnownFileType = sourcecode.swift; path = CameraController.swift; sourceTree = "<group>"; };
		567A568728CBA420008DDE40 /* MouseInteractionHandler.swift */ = {isa = PBXFileReference; lastKnownFileType = sourcecode.swift; path = MouseInteractionHandler.swift; sourceTree = "<group>"; };
		5685903428A9695000785F1A /* Cube.obj */ = {isa = PBXFileReference; fileEncoding = 4; lastKnownFileType = text; path = Cube.obj; sourceTree = "<group>"; };
		569699BF28CE42E800469E6B /* Game.swift */ = {isa = PBXFileReference; lastKnownFileType = sourcecode.swift; path = Game.swift; sourceTree = "<group>"; };
		569699C928CE4DD300469E6B /* Field.swift */ = {isa = PBXFileReference; lastKnownFileType = sourcecode.swift; path = Field.swift; sourceTree = "<group>"; };
		56BB94A828A94A750034D4AB /* Chess.app */ = {isa = PBXFileReference; explicitFileType = wrapper.application; includeInIndex = 0; path = Chess.app; sourceTree = BUILT_PRODUCTS_DIR; };
		56BB94AB28A94A750034D4AB /* AppDelegate.swift */ = {isa = PBXFileReference; lastKnownFileType = sourcecode.swift; path = AppDelegate.swift; sourceTree = "<group>"; };
		56BB94AD28A94A750034D4AB /* ViewController.swift */ = {isa = PBXFileReference; lastKnownFileType = sourcecode.swift; path = ViewController.swift; sourceTree = "<group>"; };
		56BB94AF28A94A770034D4AB /* Assets.xcassets */ = {isa = PBXFileReference; lastKnownFileType = folder.assetcatalog; path = Assets.xcassets; sourceTree = "<group>"; };
		56BB94B228A94A770034D4AB /* Base */ = {isa = PBXFileReference; lastKnownFileType = file.storyboard; name = Base; path = Base.lproj/Main.storyboard; sourceTree = "<group>"; };
		56BB94B428A94A770034D4AB /* Chess.entitlements */ = {isa = PBXFileReference; lastKnownFileType = text.plist.entitlements; path = Chess.entitlements; sourceTree = "<group>"; };
		56C3174128CFE95900C04F3C /* XCTest.framework */ = {isa = PBXFileReference; lastKnownFileType = wrapper.framework; name = XCTest.framework; path = Platforms/MacOSX.platform/Developer/Library/Frameworks/XCTest.framework; sourceTree = DEVELOPER_DIR; };
		56DA449B28CFE7AC009FE23C /* ChessTests.xctest */ = {isa = PBXFileReference; explicitFileType = wrapper.cfbundle; includeInIndex = 0; path = ChessTests.xctest; sourceTree = BUILT_PRODUCTS_DIR; };
		56DA449D28CFE7AC009FE23C /* Field+Tests.swift */ = {isa = PBXFileReference; lastKnownFileType = sourcecode.swift; path = "Field+Tests.swift"; sourceTree = "<group>"; };
/* End PBXFileReference section */

/* Begin PBXFrameworksBuildPhase section */
		56BB94A528A94A750034D4AB /* Frameworks */ = {
			isa = PBXFrameworksBuildPhase;
			buildActionMask = 2147483647;
			files = (
				564852FF28C7E3F200BA4CC0 /* Engine.framework in Frameworks */,
			);
			runOnlyForDeploymentPostprocessing = 0;
		};
		56DA449828CFE7AC009FE23C /* Frameworks */ = {
			isa = PBXFrameworksBuildPhase;
			buildActionMask = 2147483647;
			files = (
				56C3174328CFE95900C04F3C /* XCTest.framework in Frameworks */,
			);
			runOnlyForDeploymentPostprocessing = 0;
		};
/* End PBXFrameworksBuildPhase section */

/* Begin PBXGroup section */
		5634348928A94BE900C2DA95 /* Assets */ = {
			isa = PBXGroup;
			children = (
				5685903428A9695000785F1A /* Cube.obj */,
				56312CA728A950C50038DD47 /* Board.obj */,
				56312CA528A950600038DD47 /* Rook.obj */,
				56312CA128A950220038DD47 /* Pawn.obj */,
				56312C9F28A950090038DD47 /* Knight.obj */,
				56312CA328A9504D0038DD47 /* Queen.obj */,
				56312C9C28A94FBF0038DD47 /* King.obj */,
				5634348B28A94BF300C2DA95 /* Bishop.obj */,
				56312CA928A950DF0038DD47 /* Textures.xcassets */,
				56BB94AF28A94A770034D4AB /* Assets.xcassets */,
			);
			path = Assets;
			sourceTree = "<group>";
		};
		5634348D28A94C7700C2DA95 /* Frameworks */ = {
			isa = PBXGroup;
			children = (
				56C3174128CFE95900C04F3C /* XCTest.framework */,
			);
			name = Frameworks;
			sourceTree = "<group>";
		};
		564852F728C7E3E200BA4CC0 /* Products */ = {
			isa = PBXGroup;
			children = (
				564852FC28C7E3E200BA4CC0 /* Engine.framework */,
				564852FE28C7E3E200BA4CC0 /* EngineTests.xctest */,
			);
			name = Products;
			sourceTree = "<group>";
		};
		569699C228CE479700469E6B /* Game */ = {
			isa = PBXGroup;
			children = (
				569699C628CE47E300469E6B /* Piece */,
				569699BF28CE42E800469E6B /* Game.swift */,
				5648531628C90D7F00BA4CC0 /* Move.swift */,
				5648531228C90B7B00BA4CC0 /* Board.swift */,
			);
			path = Game;
			sourceTree = "<group>";
		};
		569699C328CE47A900469E6B /* Manipulation */ = {
			isa = PBXGroup;
			children = (
				567A568428CB68BF008DDE40 /* CameraController.swift */,
				5648530C28C90A6D00BA4CC0 /* SceneManipulator.swift */,
			);
			path = Manipulation;
			sourceTree = "<group>";
		};
		569699C428CE47CB00469E6B /* Interaction */ = {
			isa = PBXGroup;
			children = (
				567A568728CBA420008DDE40 /* MouseInteractionHandler.swift */,
			);
			path = Interaction;
			sourceTree = "<group>";
		};
		569699C528CE47D800469E6B /* Scene */ = {
			isa = PBXGroup;
			children = (
				5648530A28C7F64800BA4CC0 /* ResourceLoader.swift */,
				5648530328C7E65300BA4CC0 /* SceneBuilder.swift */,
			);
			path = Scene;
			sourceTree = "<group>";
		};
		569699C628CE47E300469E6B /* Piece */ = {
			isa = PBXGroup;
			children = (
				5648530E28C90B2600BA4CC0 /* PieceType.swift */,
				5648531028C90B5C00BA4CC0 /* PieceColor.swift */,
				5648531428C90B9100BA4CC0 /* Piece.swift */,
				569699C928CE4DD300469E6B /* Field.swift */,
			);
			path = Piece;
			sourceTree = "<group>";
		};
		56BB949F28A94A750034D4AB = {
			isa = PBXGroup;
			children = (
				564852F628C7E3E200BA4CC0 /* Engine.xcodeproj */,
				5634348928A94BE900C2DA95 /* Assets */,
				56BB94AA28A94A750034D4AB /* Chess */,
				56DA449C28CFE7AC009FE23C /* ChessTests */,
				56BB94A928A94A750034D4AB /* Products */,
				5634348D28A94C7700C2DA95 /* Frameworks */,
			);
			sourceTree = "<group>";
		};
		56BB94A928A94A750034D4AB /* Products */ = {
			isa = PBXGroup;
			children = (
				56BB94A828A94A750034D4AB /* Chess.app */,
				56DA449B28CFE7AC009FE23C /* ChessTests.xctest */,
			);
			name = Products;
			sourceTree = "<group>";
		};
		56BB94AA28A94A750034D4AB /* Chess */ = {
			isa = PBXGroup;
			children = (
				569699C528CE47D800469E6B /* Scene */,
				569699C428CE47CB00469E6B /* Interaction */,
				569699C328CE47A900469E6B /* Manipulation */,
				569699C228CE479700469E6B /* Game */,
				56BB94AB28A94A750034D4AB /* AppDelegate.swift */,
				56BB94AD28A94A750034D4AB /* ViewController.swift */,
				56BB94B128A94A770034D4AB /* Main.storyboard */,
				56BB94B428A94A770034D4AB /* Chess.entitlements */,
			);
			path = Chess;
			sourceTree = "<group>";
		};
		56DA449C28CFE7AC009FE23C /* ChessTests */ = {
			isa = PBXGroup;
			children = (
				56DA449D28CFE7AC009FE23C /* Field+Tests.swift */,
			);
			path = ChessTests;
			sourceTree = "<group>";
		};
/* End PBXGroup section */

/* Begin PBXNativeTarget section */
		56BB94A728A94A750034D4AB /* Chess */ = {
			isa = PBXNativeTarget;
			buildConfigurationList = 56BB94B728A94A770034D4AB /* Build configuration list for PBXNativeTarget "Chess" */;
			buildPhases = (
				56BB94A428A94A750034D4AB /* Sources */,
				56BB94A528A94A750034D4AB /* Frameworks */,
				56BB94A628A94A750034D4AB /* Resources */,
				5634349028A94C7700C2DA95 /* Embed Frameworks */,
			);
			buildRules = (
			);
			dependencies = (
				5648530228C7E3F800BA4CC0 /* PBXTargetDependency */,
			);
			name = Chess;
			productName = Chess;
			productReference = 56BB94A828A94A750034D4AB /* Chess.app */;
			productType = "com.apple.product-type.application";
		};
		56DA449A28CFE7AC009FE23C /* ChessTests */ = {
			isa = PBXNativeTarget;
			buildConfigurationList = 56DA44A128CFE7AC009FE23C /* Build configuration list for PBXNativeTarget "ChessTests" */;
			buildPhases = (
				56DA449728CFE7AC009FE23C /* Sources */,
				56DA449828CFE7AC009FE23C /* Frameworks */,
				56DA449928CFE7AC009FE23C /* Resources */,
			);
			buildRules = (
			);
			dependencies = (
				56DA44A028CFE7AC009FE23C /* PBXTargetDependency */,
			);
			name = ChessTests;
			productName = ChessTests;
			productReference = 56DA449B28CFE7AC009FE23C /* ChessTests.xctest */;
			productType = "com.apple.product-type.bundle.unit-test";
		};
/* End PBXNativeTarget section */

/* Begin PBXProject section */
		56BB94A028A94A750034D4AB /* Project object */ = {
			isa = PBXProject;
			attributes = {
				BuildIndependentTargetsInParallel = 1;
				LastSwiftUpdateCheck = 1400;
				LastUpgradeCheck = 1400;
				TargetAttributes = {
					56BB94A728A94A750034D4AB = {
						CreatedOnToolsVersion = 14.0;
					};
					56DA449A28CFE7AC009FE23C = {
						CreatedOnToolsVersion = 14.0;
						TestTargetID = 56BB94A728A94A750034D4AB;
					};
				};
			};
			buildConfigurationList = 56BB94A328A94A750034D4AB /* Build configuration list for PBXProject "Chess" */;
			compatibilityVersion = "Xcode 14.0";
			developmentRegion = en;
			hasScannedForEncodings = 0;
			knownRegions = (
				en,
				Base,
			);
			mainGroup = 56BB949F28A94A750034D4AB;
			productRefGroup = 56BB94A928A94A750034D4AB /* Products */;
			projectDirPath = "";
			projectReferences = (
				{
					ProductGroup = 564852F728C7E3E200BA4CC0 /* Products */;
					ProjectRef = 564852F628C7E3E200BA4CC0 /* Engine.xcodeproj */;
				},
			);
			projectRoot = "";
			targets = (
				56BB94A728A94A750034D4AB /* Chess */,
				56DA449A28CFE7AC009FE23C /* ChessTests */,
			);
		};
/* End PBXProject section */

/* Begin PBXReferenceProxy section */
		564852FC28C7E3E200BA4CC0 /* Engine.framework */ = {
			isa = PBXReferenceProxy;
			fileType = wrapper.framework;
			path = Engine.framework;
			remoteRef = 564852FB28C7E3E200BA4CC0 /* PBXContainerItemProxy */;
			sourceTree = BUILT_PRODUCTS_DIR;
		};
		564852FE28C7E3E200BA4CC0 /* EngineTests.xctest */ = {
			isa = PBXReferenceProxy;
			fileType = wrapper.cfbundle;
			path = EngineTests.xctest;
			remoteRef = 564852FD28C7E3E200BA4CC0 /* PBXContainerItemProxy */;
			sourceTree = BUILT_PRODUCTS_DIR;
		};
/* End PBXReferenceProxy section */

/* Begin PBXResourcesBuildPhase section */
		56BB94A628A94A750034D4AB /* Resources */ = {
			isa = PBXResourcesBuildPhase;
			buildActionMask = 2147483647;
			files = (
				56312CA828A950C50038DD47 /* Board.obj in Resources */,
				56BB94B028A94A770034D4AB /* Assets.xcassets in Resources */,
				56312CA228A950220038DD47 /* Pawn.obj in Resources */,
				56312CAA28A950DF0038DD47 /* Textures.xcassets in Resources */,
				56BB94B328A94A770034D4AB /* Main.storyboard in Resources */,
				56312CA028A950090038DD47 /* Knight.obj in Resources */,
				56312CA628A950600038DD47 /* Rook.obj in Resources */,
				5685903628A9695000785F1A /* Cube.obj in Resources */,
				56312C9E28A94FBF0038DD47 /* King.obj in Resources */,
				5634348C28A94BF300C2DA95 /* Bishop.obj in Resources */,
				56312CA428A9504D0038DD47 /* Queen.obj in Resources */,
			);
			runOnlyForDeploymentPostprocessing = 0;
		};
		56DA449928CFE7AC009FE23C /* Resources */ = {
			isa = PBXResourcesBuildPhase;
			buildActionMask = 2147483647;
			files = (
			);
			runOnlyForDeploymentPostprocessing = 0;
		};
/* End PBXResourcesBuildPhase section */

/* Begin PBXSourcesBuildPhase section */
		56BB94A428A94A750034D4AB /* Sources */ = {
			isa = PBXSourcesBuildPhase;
			buildActionMask = 2147483647;
			files = (
				5648531728C90D7F00BA4CC0 /* Move.swift in Sources */,
				5648531128C90B5C00BA4CC0 /* PieceColor.swift in Sources */,
				56BB94AE28A94A750034D4AB /* ViewController.swift in Sources */,
				569699C028CE42E800469E6B /* Game.swift in Sources */,
				5648530D28C90A6D00BA4CC0 /* SceneManipulator.swift in Sources */,
				56BB94AC28A94A750034D4AB /* AppDelegate.swift in Sources */,
				5648530B28C7F64800BA4CC0 /* ResourceLoader.swift in Sources */,
				567A568528CB68BF008DDE40 /* CameraController.swift in Sources */,
				5648531528C90B9100BA4CC0 /* Piece.swift in Sources */,
				5648530F28C90B2600BA4CC0 /* PieceType.swift in Sources */,
				5648531328C90B7B00BA4CC0 /* Board.swift in Sources */,
				5648530428C7E65300BA4CC0 /* SceneBuilder.swift in Sources */,
				569699CA28CE4DD300469E6B /* Field.swift in Sources */,
				567A568828CBA420008DDE40 /* MouseInteractionHandler.swift in Sources */,
			);
			runOnlyForDeploymentPostprocessing = 0;
		};
		56DA449728CFE7AC009FE23C /* Sources */ = {
			isa = PBXSourcesBuildPhase;
			buildActionMask = 2147483647;
			files = (
				56DA449E28CFE7AC009FE23C /* Field+Tests.swift in Sources */,
			);
			runOnlyForDeploymentPostprocessing = 0;
		};
/* End PBXSourcesBuildPhase section */

/* Begin PBXTargetDependency section */
		5648530228C7E3F800BA4CC0 /* PBXTargetDependency */ = {
			isa = PBXTargetDependency;
			name = Engine;
			targetProxy = 5648530128C7E3F800BA4CC0 /* PBXContainerItemProxy */;
		};
		56DA44A028CFE7AC009FE23C /* PBXTargetDependency */ = {
			isa = PBXTargetDependency;
			target = 56BB94A728A94A750034D4AB /* Chess */;
			targetProxy = 56DA449F28CFE7AC009FE23C /* PBXContainerItemProxy */;
		};
/* End PBXTargetDependency section */

/* Begin PBXVariantGroup section */
		56BB94B128A94A770034D4AB /* Main.storyboard */ = {
			isa = PBXVariantGroup;
			children = (
				56BB94B228A94A770034D4AB /* Base */,
			);
			name = Main.storyboard;
			sourceTree = "<group>";
		};
/* End PBXVariantGroup section */

/* Begin XCBuildConfiguration section */
		56BB94B528A94A770034D4AB /* Debug */ = {
			isa = XCBuildConfiguration;
			buildSettings = {
				ALWAYS_SEARCH_USER_PATHS = NO;
				CLANG_ANALYZER_NONNULL = YES;
				CLANG_ANALYZER_NUMBER_OBJECT_CONVERSION = YES_AGGRESSIVE;
				CLANG_CXX_LANGUAGE_STANDARD = "gnu++17";
				CLANG_ENABLE_MODULES = YES;
				CLANG_ENABLE_OBJC_ARC = YES;
				CLANG_ENABLE_OBJC_WEAK = YES;
				CLANG_WARN_BLOCK_CAPTURE_AUTORELEASING = YES;
				CLANG_WARN_BOOL_CONVERSION = YES;
				CLANG_WARN_COMMA = YES;
				CLANG_WARN_CONSTANT_CONVERSION = YES;
				CLANG_WARN_DEPRECATED_OBJC_IMPLEMENTATIONS = YES;
				CLANG_WARN_DIRECT_OBJC_ISA_USAGE = YES_ERROR;
				CLANG_WARN_DOCUMENTATION_COMMENTS = YES;
				CLANG_WARN_EMPTY_BODY = YES;
				CLANG_WARN_ENUM_CONVERSION = YES;
				CLANG_WARN_INFINITE_RECURSION = YES;
				CLANG_WARN_INT_CONVERSION = YES;
				CLANG_WARN_NON_LITERAL_NULL_CONVERSION = YES;
				CLANG_WARN_OBJC_IMPLICIT_RETAIN_SELF = YES;
				CLANG_WARN_OBJC_LITERAL_CONVERSION = YES;
				CLANG_WARN_OBJC_ROOT_CLASS = YES_ERROR;
				CLANG_WARN_QUOTED_INCLUDE_IN_FRAMEWORK_HEADER = YES;
				CLANG_WARN_RANGE_LOOP_ANALYSIS = YES;
				CLANG_WARN_STRICT_PROTOTYPES = YES;
				CLANG_WARN_SUSPICIOUS_MOVE = YES;
				CLANG_WARN_UNGUARDED_AVAILABILITY = YES_AGGRESSIVE;
				CLANG_WARN_UNREACHABLE_CODE = YES;
				CLANG_WARN__DUPLICATE_METHOD_MATCH = YES;
				COPY_PHASE_STRIP = NO;
				DEBUG_INFORMATION_FORMAT = dwarf;
				ENABLE_STRICT_OBJC_MSGSEND = YES;
				ENABLE_TESTABILITY = YES;
				GCC_C_LANGUAGE_STANDARD = gnu11;
				GCC_DYNAMIC_NO_PIC = NO;
				GCC_NO_COMMON_BLOCKS = YES;
				GCC_OPTIMIZATION_LEVEL = 0;
				GCC_PREPROCESSOR_DEFINITIONS = (
					"DEBUG=1",
					"$(inherited)",
				);
				GCC_WARN_64_TO_32_BIT_CONVERSION = YES;
				GCC_WARN_ABOUT_RETURN_TYPE = YES_ERROR;
				GCC_WARN_UNDECLARED_SELECTOR = YES;
				GCC_WARN_UNINITIALIZED_AUTOS = YES_AGGRESSIVE;
				GCC_WARN_UNUSED_FUNCTION = YES;
				GCC_WARN_UNUSED_VARIABLE = YES;
				MACOSX_DEPLOYMENT_TARGET = 12.4;
				MTL_ENABLE_DEBUG_INFO = INCLUDE_SOURCE;
				MTL_FAST_MATH = YES;
				ONLY_ACTIVE_ARCH = YES;
				SDKROOT = macosx;
				SWIFT_ACTIVE_COMPILATION_CONDITIONS = DEBUG;
				SWIFT_OPTIMIZATION_LEVEL = "-Onone";
			};
			name = Debug;
		};
		56BB94B628A94A770034D4AB /* Release */ = {
			isa = XCBuildConfiguration;
			buildSettings = {
				ALWAYS_SEARCH_USER_PATHS = NO;
				CLANG_ANALYZER_NONNULL = YES;
				CLANG_ANALYZER_NUMBER_OBJECT_CONVERSION = YES_AGGRESSIVE;
				CLANG_CXX_LANGUAGE_STANDARD = "gnu++17";
				CLANG_ENABLE_MODULES = YES;
				CLANG_ENABLE_OBJC_ARC = YES;
				CLANG_ENABLE_OBJC_WEAK = YES;
				CLANG_WARN_BLOCK_CAPTURE_AUTORELEASING = YES;
				CLANG_WARN_BOOL_CONVERSION = YES;
				CLANG_WARN_COMMA = YES;
				CLANG_WARN_CONSTANT_CONVERSION = YES;
				CLANG_WARN_DEPRECATED_OBJC_IMPLEMENTATIONS = YES;
				CLANG_WARN_DIRECT_OBJC_ISA_USAGE = YES_ERROR;
				CLANG_WARN_DOCUMENTATION_COMMENTS = YES;
				CLANG_WARN_EMPTY_BODY = YES;
				CLANG_WARN_ENUM_CONVERSION = YES;
				CLANG_WARN_INFINITE_RECURSION = YES;
				CLANG_WARN_INT_CONVERSION = YES;
				CLANG_WARN_NON_LITERAL_NULL_CONVERSION = YES;
				CLANG_WARN_OBJC_IMPLICIT_RETAIN_SELF = YES;
				CLANG_WARN_OBJC_LITERAL_CONVERSION = YES;
				CLANG_WARN_OBJC_ROOT_CLASS = YES_ERROR;
				CLANG_WARN_QUOTED_INCLUDE_IN_FRAMEWORK_HEADER = YES;
				CLANG_WARN_RANGE_LOOP_ANALYSIS = YES;
				CLANG_WARN_STRICT_PROTOTYPES = YES;
				CLANG_WARN_SUSPICIOUS_MOVE = YES;
				CLANG_WARN_UNGUARDED_AVAILABILITY = YES_AGGRESSIVE;
				CLANG_WARN_UNREACHABLE_CODE = YES;
				CLANG_WARN__DUPLICATE_METHOD_MATCH = YES;
				COPY_PHASE_STRIP = NO;
				DEBUG_INFORMATION_FORMAT = "dwarf-with-dsym";
				ENABLE_NS_ASSERTIONS = NO;
				ENABLE_STRICT_OBJC_MSGSEND = YES;
				GCC_C_LANGUAGE_STANDARD = gnu11;
				GCC_NO_COMMON_BLOCKS = YES;
				GCC_WARN_64_TO_32_BIT_CONVERSION = YES;
				GCC_WARN_ABOUT_RETURN_TYPE = YES_ERROR;
				GCC_WARN_UNDECLARED_SELECTOR = YES;
				GCC_WARN_UNINITIALIZED_AUTOS = YES_AGGRESSIVE;
				GCC_WARN_UNUSED_FUNCTION = YES;
				GCC_WARN_UNUSED_VARIABLE = YES;
				MACOSX_DEPLOYMENT_TARGET = 12.4;
				MTL_ENABLE_DEBUG_INFO = NO;
				MTL_FAST_MATH = YES;
				SDKROOT = macosx;
				SWIFT_COMPILATION_MODE = wholemodule;
				SWIFT_OPTIMIZATION_LEVEL = "-O";
			};
			name = Release;
		};
		56BB94B828A94A770034D4AB /* Debug */ = {
			isa = XCBuildConfiguration;
			buildSettings = {
				ASSETCATALOG_COMPILER_APPICON_NAME = AppIcon;
				ASSETCATALOG_COMPILER_GLOBAL_ACCENT_COLOR_NAME = AccentColor;
				CODE_SIGN_ENTITLEMENTS = Chess/Chess.entitlements;
				CODE_SIGN_IDENTITY = "Apple Development: mateusz.stompor@gmail.com (VP34YX4CHH)";
				"CODE_SIGN_IDENTITY[sdk=macosx*]" = "Apple Development";
				CODE_SIGN_STYLE = Automatic;
				COMBINE_HIDPI_IMAGES = YES;
				CURRENT_PROJECT_VERSION = 1;
				DEVELOPMENT_TEAM = R78NEXF6E2;
				ENABLE_HARDENED_RUNTIME = YES;
				GENERATE_INFOPLIST_FILE = YES;
				INFOPLIST_KEY_NSHumanReadableCopyright = "";
				INFOPLIST_KEY_NSMainStoryboardFile = Main;
				INFOPLIST_KEY_NSPrincipalClass = NSApplication;
				LD_RUNPATH_SEARCH_PATHS = (
					"$(inherited)",
					"@executable_path/../Frameworks",
				);
				MARKETING_VERSION = 1.0;
				PRODUCT_BUNDLE_IDENTIFIER = com.stompor.mateusz.porcelain.chess;
				PRODUCT_NAME = "$(TARGET_NAME)";
				SWIFT_EMIT_LOC_STRINGS = YES;
				SWIFT_VERSION = 5.0;
			};
			name = Debug;
		};
		56BB94B928A94A770034D4AB /* Release */ = {
			isa = XCBuildConfiguration;
			buildSettings = {
				ASSETCATALOG_COMPILER_APPICON_NAME = AppIcon;
				ASSETCATALOG_COMPILER_GLOBAL_ACCENT_COLOR_NAME = AccentColor;
				CODE_SIGN_ENTITLEMENTS = Chess/Chess.entitlements;
				CODE_SIGN_IDENTITY = "Apple Development";
				"CODE_SIGN_IDENTITY[sdk=macosx*]" = "Apple Development";
				CODE_SIGN_STYLE = Automatic;
				COMBINE_HIDPI_IMAGES = YES;
				CURRENT_PROJECT_VERSION = 1;
				DEVELOPMENT_TEAM = R78NEXF6E2;
				ENABLE_HARDENED_RUNTIME = YES;
				GENERATE_INFOPLIST_FILE = YES;
				INFOPLIST_KEY_NSHumanReadableCopyright = "";
				INFOPLIST_KEY_NSMainStoryboardFile = Main;
				INFOPLIST_KEY_NSPrincipalClass = NSApplication;
				LD_RUNPATH_SEARCH_PATHS = (
					"$(inherited)",
					"@executable_path/../Frameworks",
				);
				MARKETING_VERSION = 1.0;
				PRODUCT_BUNDLE_IDENTIFIER = com.stompor.mateusz.porcelain.chess;
				PRODUCT_NAME = "$(TARGET_NAME)";
				SWIFT_EMIT_LOC_STRINGS = YES;
				SWIFT_VERSION = 5.0;
			};
			name = Release;
		};
		56DA44A228CFE7AC009FE23C /* Debug */ = {
			isa = XCBuildConfiguration;
			buildSettings = {
				BUNDLE_LOADER = "$(TEST_HOST)";
				CLANG_CXX_LANGUAGE_STANDARD = "gnu++20";
				CODE_SIGN_STYLE = Automatic;
				CURRENT_PROJECT_VERSION = 1;
				DEVELOPMENT_TEAM = R78NEXF6E2;
				GENERATE_INFOPLIST_FILE = YES;
				MACOSX_DEPLOYMENT_TARGET = 12.5;
				MARKETING_VERSION = 1.0;
				PRODUCT_BUNDLE_IDENTIFIER = com.stompor.mateusz.porcelain.chess.tests;
				PRODUCT_NAME = "$(TARGET_NAME)";
				SWIFT_EMIT_LOC_STRINGS = NO;
				SWIFT_VERSION = 5.0;
				TEST_HOST = "$(BUILT_PRODUCTS_DIR)/Chess.app/$(BUNDLE_EXECUTABLE_FOLDER_PATH)/Chess";
			};
			name = Debug;
		};
		56DA44A328CFE7AC009FE23C /* Release */ = {
			isa = XCBuildConfiguration;
			buildSettings = {
				BUNDLE_LOADER = "$(TEST_HOST)";
				CLANG_CXX_LANGUAGE_STANDARD = "gnu++20";
				CODE_SIGN_STYLE = Automatic;
				CURRENT_PROJECT_VERSION = 1;
				DEVELOPMENT_TEAM = R78NEXF6E2;
				GENERATE_INFOPLIST_FILE = YES;
				MACOSX_DEPLOYMENT_TARGET = 12.5;
				MARKETING_VERSION = 1.0;
				PRODUCT_BUNDLE_IDENTIFIER = com.stompor.mateusz.porcelain.chess.tests;
				PRODUCT_NAME = "$(TARGET_NAME)";
				SWIFT_EMIT_LOC_STRINGS = NO;
				SWIFT_VERSION = 5.0;
				TEST_HOST = "$(BUILT_PRODUCTS_DIR)/Chess.app/$(BUNDLE_EXECUTABLE_FOLDER_PATH)/Chess";
			};
			name = Release;
		};
/* End XCBuildConfiguration section */

/* Begin XCConfigurationList section */
		56BB94A328A94A750034D4AB /* Build configuration list for PBXProject "Chess" */ = {
			isa = XCConfigurationList;
			buildConfigurations = (
				56BB94B528A94A770034D4AB /* Debug */,
				56BB94B628A94A770034D4AB /* Release */,
			);
			defaultConfigurationIsVisible = 0;
			defaultConfigurationName = Release;
		};
		56BB94B728A94A770034D4AB /* Build configuration list for PBXNativeTarget "Chess" */ = {
			isa = XCConfigurationList;
			buildConfigurations = (
				56BB94B828A94A770034D4AB /* Debug */,
				56BB94B928A94A770034D4AB /* Release */,
			);
			defaultConfigurationIsVisible = 0;
			defaultConfigurationName = Release;
		};
		56DA44A128CFE7AC009FE23C /* Build configuration list for PBXNativeTarget "ChessTests" */ = {
			isa = XCConfigurationList;
			buildConfigurations = (
				56DA44A228CFE7AC009FE23C /* Debug */,
				56DA44A328CFE7AC009FE23C /* Release */,
			);
			defaultConfigurationIsVisible = 0;
			defaultConfigurationName = Release;
		};
/* End XCConfigurationList section */
	};
	rootObject = 56BB94A028A94A750034D4AB /* Project object */;
}
